{
  "version": 4,
  "terraform_version": "1.10.0",
  "serial": 1,
  "lineage": "f067b162-f4df-3d8d-50e6-14ab07a10d73",
  "outputs": {},
  "resources": [
    {
      "mode": "managed",
      "type": "local_file",
      "name": "myfile",
      "provider": "provider[\"registry.terraform.io/hashicorp/local\"]",
      "instances": [
        {
          "schema_version": 0,
          "attributes": {
            "content": "Hello, this is shyam",
            "content_base64": null,
            "content_base64sha256": "ipkJuvdpi/ZWulgVO8vKtQnvdF6GDn2lzPFaXAY81xE=",
            "content_base64sha512": "bsu68bJniddNNICEkiZaC1tyVP4jdEsBwg342PqH1PRNzKV7vo0B4JYfEAdal9SEH6ji1SZVy+9YUPmuJuIscQ==",
            "content_md5": "a54249caaa4779e66a364518a3268e74",
            "content_sha1": "be77f116745b6fc2b8baeaa9e2b488581a2f61af",
            "content_sha256": "8a9909baf7698bf656ba58153bcbcab509ef745e860e7da5ccf15a5c063cd711",
            "content_sha512": "6ecbbaf1b26789d74d34808492265a0b5b7254fe23744b01c20df8d8fa87d4f44dcca57bbe8d01e0961f10075a97d4841fa8e2d52655cbef5850f9ae26e22c71",
            "directory_permission": "0777",
            "file_permission": "0777",
            "filename": "D:/Terraform Practice/1-Local-file-resource/myfile.txt",
            "id": "be77f116745b6fc2b8baeaa9e2b488581a2f61af",
            "sensitive_content": null,
            "source": null
          },
          "sensitive_attributes": [
            [
              {
                "type": "get_attr",
                "value": "sensitive_content"
              }
            ]
          ]
        }
      ]
    }
  ],
  "check_results": null
}
